
Microsoft Visual Studio Solution File, Format Version 12.00
# Visual Studio 15
VisualStudioVersion = 15.0.28010.2026
MinimumVisualStudioVersion = 10.0.40219.1
Project("{8BC9CEB8-8B4A-11D0-8D11-00A0C91BC942}") = "eda72", "eda72\eda72.vcxproj", "{49C5D9B6-E00B-4403-9844-27D8A1DD0574}"
EndProject
Global
	GlobalSection(SolutionConfigurationPlatforms) = preSolution
		Debug|x64 = Debug|x64
		Debug|x86 = Debug|x86
		Release|x64 = Release|x64
		Release|x86 = Release|x86
	EndGlobalSection
	GlobalSection(ProjectConfigurationPlatforms) = postSolution
		{49C5D9B6-E00B-4403-9844-27D8A1DD0574}.Debug|x64.ActiveCfg = Debug|x64
		{49C5D9B6-E00B-4403-9844-27D8A1DD0574}.Debug|x64.Build.0 = Debug|x64
		{49C5D9B6-E00B-4403-9844-27D8A1DD0574}.Debug|x86.ActiveCfg = Debug|Win32
		{49C5D9B6-E00B-4403-9844-27D8A1DD0574}.Debug|x86.Build.0 = Debug|Win32
		{49C5D9B6-E00B-4403-9844-27D8A1DD0574}.Release|x64.ActiveCfg = Release|x64
		{49C5D9B6-E00B-4403-9844-27D8A1DD0574}.Release|x64.Build.0 = Release|x64
		{49C5D9B6-E00B-4403-9844-27D8A1DD0574}.Release|x86.ActiveCfg = Release|Win32
		{49C5D9B6-E00B-4403-9844-27D8A1DD0574}.Release|x86.Build.0 = Release|Win32
	EndGlobalSection
	GlobalSection(SolutionProperties) = preSolution
		HideSolutionNode = FALSE
	EndGlobalSection
	GlobalSection(ExtensibilityGlobals) = postSolution
		SolutionGuid = {FA32C0D3-D941-4C52-862C-EF0DFBCAE355}
	EndGlobalSection
EndGlobal
