
Microsoft Visual Studio Solution File, Format Version 12.00
# Visual Studio 15
VisualStudioVersion = 15.0.28010.2026
MinimumVisualStudioVersion = 10.0.40219.1
Project("{8BC9CEB8-8B4A-11D0-8D11-00A0C91BC942}") = "marp31", "marp31\marp31.vcxproj", "{859ABF97-D907-4B43-91E2-A9FA45BEECCE}"
EndProject
Global
	GlobalSection(SolutionConfigurationPlatforms) = preSolution
		Debug|x64 = Debug|x64
		Debug|x86 = Debug|x86
		Release|x64 = Release|x64
		Release|x86 = Release|x86
	EndGlobalSection
	GlobalSection(ProjectConfigurationPlatforms) = postSolution
		{859ABF97-D907-4B43-91E2-A9FA45BEECCE}.Debug|x64.ActiveCfg = Debug|x64
		{859ABF97-D907-4B43-91E2-A9FA45BEECCE}.Debug|x64.Build.0 = Debug|x64
		{859ABF97-D907-4B43-91E2-A9FA45BEECCE}.Debug|x86.ActiveCfg = Debug|Win32
		{859ABF97-D907-4B43-91E2-A9FA45BEECCE}.Debug|x86.Build.0 = Debug|Win32
		{859ABF97-D907-4B43-91E2-A9FA45BEECCE}.Release|x64.ActiveCfg = Release|x64
		{859ABF97-D907-4B43-91E2-A9FA45BEECCE}.Release|x64.Build.0 = Release|x64
		{859ABF97-D907-4B43-91E2-A9FA45BEECCE}.Release|x86.ActiveCfg = Release|Win32
		{859ABF97-D907-4B43-91E2-A9FA45BEECCE}.Release|x86.Build.0 = Release|Win32
	EndGlobalSection
	GlobalSection(SolutionProperties) = preSolution
		HideSolutionNode = FALSE
	EndGlobalSection
	GlobalSection(ExtensibilityGlobals) = postSolution
		SolutionGuid = {5C9335BD-C871-43F1-80FA-9181B481C3F1}
	EndGlobalSection
EndGlobal
