
Microsoft Visual Studio Solution File, Format Version 12.00
# Visual Studio 15
VisualStudioVersion = 15.0.28010.2026
MinimumVisualStudioVersion = 10.0.40219.1
Project("{8BC9CEB8-8B4A-11D0-8D11-00A0C91BC942}") = "eda21", "eda21\eda21.vcxproj", "{DF951406-EA5D-4BAF-9E9A-121DA6C04345}"
EndProject
Global
	GlobalSection(SolutionConfigurationPlatforms) = preSolution
		Debug|x64 = Debug|x64
		Debug|x86 = Debug|x86
		Release|x64 = Release|x64
		Release|x86 = Release|x86
	EndGlobalSection
	GlobalSection(ProjectConfigurationPlatforms) = postSolution
		{DF951406-EA5D-4BAF-9E9A-121DA6C04345}.Debug|x64.ActiveCfg = Debug|x64
		{DF951406-EA5D-4BAF-9E9A-121DA6C04345}.Debug|x64.Build.0 = Debug|x64
		{DF951406-EA5D-4BAF-9E9A-121DA6C04345}.Debug|x86.ActiveCfg = Debug|Win32
		{DF951406-EA5D-4BAF-9E9A-121DA6C04345}.Debug|x86.Build.0 = Debug|Win32
		{DF951406-EA5D-4BAF-9E9A-121DA6C04345}.Release|x64.ActiveCfg = Release|x64
		{DF951406-EA5D-4BAF-9E9A-121DA6C04345}.Release|x64.Build.0 = Release|x64
		{DF951406-EA5D-4BAF-9E9A-121DA6C04345}.Release|x86.ActiveCfg = Release|Win32
		{DF951406-EA5D-4BAF-9E9A-121DA6C04345}.Release|x86.Build.0 = Release|Win32
	EndGlobalSection
	GlobalSection(SolutionProperties) = preSolution
		HideSolutionNode = FALSE
	EndGlobalSection
	GlobalSection(ExtensibilityGlobals) = postSolution
		SolutionGuid = {7403FF86-AD30-48C8-B3A2-5586B5130DE6}
	EndGlobalSection
EndGlobal
