
Microsoft Visual Studio Solution File, Format Version 12.00
# Visual Studio 15
VisualStudioVersion = 15.0.28010.2026
MinimumVisualStudioVersion = 10.0.40219.1
Project("{8BC9CEB8-8B4A-11D0-8D11-00A0C91BC942}") = "marp6", "marp6\marp6.vcxproj", "{1B976D74-FA8D-437D-B3B4-995B656664A3}"
EndProject
Global
	GlobalSection(SolutionConfigurationPlatforms) = preSolution
		Debug|x64 = Debug|x64
		Debug|x86 = Debug|x86
		Release|x64 = Release|x64
		Release|x86 = Release|x86
	EndGlobalSection
	GlobalSection(ProjectConfigurationPlatforms) = postSolution
		{1B976D74-FA8D-437D-B3B4-995B656664A3}.Debug|x64.ActiveCfg = Debug|x64
		{1B976D74-FA8D-437D-B3B4-995B656664A3}.Debug|x64.Build.0 = Debug|x64
		{1B976D74-FA8D-437D-B3B4-995B656664A3}.Debug|x86.ActiveCfg = Debug|Win32
		{1B976D74-FA8D-437D-B3B4-995B656664A3}.Debug|x86.Build.0 = Debug|Win32
		{1B976D74-FA8D-437D-B3B4-995B656664A3}.Release|x64.ActiveCfg = Release|x64
		{1B976D74-FA8D-437D-B3B4-995B656664A3}.Release|x64.Build.0 = Release|x64
		{1B976D74-FA8D-437D-B3B4-995B656664A3}.Release|x86.ActiveCfg = Release|Win32
		{1B976D74-FA8D-437D-B3B4-995B656664A3}.Release|x86.Build.0 = Release|Win32
	EndGlobalSection
	GlobalSection(SolutionProperties) = preSolution
		HideSolutionNode = FALSE
	EndGlobalSection
	GlobalSection(ExtensibilityGlobals) = postSolution
		SolutionGuid = {01E16A1D-BE2F-4943-9344-3D0CE200D15B}
	EndGlobalSection
EndGlobal
