
Microsoft Visual Studio Solution File, Format Version 12.00
# Visual Studio 15
VisualStudioVersion = 15.0.28010.2026
MinimumVisualStudioVersion = 10.0.40219.1
Project("{8BC9CEB8-8B4A-11D0-8D11-00A0C91BC942}") = "marp14", "marp14\marp14.vcxproj", "{AAD7E0CE-06B6-436B-8D1F-AD90D6E7121B}"
EndProject
Global
	GlobalSection(SolutionConfigurationPlatforms) = preSolution
		Debug|x64 = Debug|x64
		Debug|x86 = Debug|x86
		Release|x64 = Release|x64
		Release|x86 = Release|x86
	EndGlobalSection
	GlobalSection(ProjectConfigurationPlatforms) = postSolution
		{AAD7E0CE-06B6-436B-8D1F-AD90D6E7121B}.Debug|x64.ActiveCfg = Debug|x64
		{AAD7E0CE-06B6-436B-8D1F-AD90D6E7121B}.Debug|x64.Build.0 = Debug|x64
		{AAD7E0CE-06B6-436B-8D1F-AD90D6E7121B}.Debug|x86.ActiveCfg = Debug|Win32
		{AAD7E0CE-06B6-436B-8D1F-AD90D6E7121B}.Debug|x86.Build.0 = Debug|Win32
		{AAD7E0CE-06B6-436B-8D1F-AD90D6E7121B}.Release|x64.ActiveCfg = Release|x64
		{AAD7E0CE-06B6-436B-8D1F-AD90D6E7121B}.Release|x64.Build.0 = Release|x64
		{AAD7E0CE-06B6-436B-8D1F-AD90D6E7121B}.Release|x86.ActiveCfg = Release|Win32
		{AAD7E0CE-06B6-436B-8D1F-AD90D6E7121B}.Release|x86.Build.0 = Release|Win32
	EndGlobalSection
	GlobalSection(SolutionProperties) = preSolution
		HideSolutionNode = FALSE
	EndGlobalSection
	GlobalSection(ExtensibilityGlobals) = postSolution
		SolutionGuid = {B35D6B68-70A0-4B3A-B812-E440B13F7CED}
	EndGlobalSection
EndGlobal
