
Microsoft Visual Studio Solution File, Format Version 12.00
# Visual Studio 15
VisualStudioVersion = 15.0.28010.2026
MinimumVisualStudioVersion = 10.0.40219.1
Project("{8BC9CEB8-8B4A-11D0-8D11-00A0C91BC942}") = "eda37", "eda37\eda37.vcxproj", "{A286048F-B5A1-429C-BF6B-CCA300D0192D}"
EndProject
Global
	GlobalSection(SolutionConfigurationPlatforms) = preSolution
		Debug|x64 = Debug|x64
		Debug|x86 = Debug|x86
		Release|x64 = Release|x64
		Release|x86 = Release|x86
	EndGlobalSection
	GlobalSection(ProjectConfigurationPlatforms) = postSolution
		{A286048F-B5A1-429C-BF6B-CCA300D0192D}.Debug|x64.ActiveCfg = Debug|x64
		{A286048F-B5A1-429C-BF6B-CCA300D0192D}.Debug|x64.Build.0 = Debug|x64
		{A286048F-B5A1-429C-BF6B-CCA300D0192D}.Debug|x86.ActiveCfg = Debug|Win32
		{A286048F-B5A1-429C-BF6B-CCA300D0192D}.Debug|x86.Build.0 = Debug|Win32
		{A286048F-B5A1-429C-BF6B-CCA300D0192D}.Release|x64.ActiveCfg = Release|x64
		{A286048F-B5A1-429C-BF6B-CCA300D0192D}.Release|x64.Build.0 = Release|x64
		{A286048F-B5A1-429C-BF6B-CCA300D0192D}.Release|x86.ActiveCfg = Release|Win32
		{A286048F-B5A1-429C-BF6B-CCA300D0192D}.Release|x86.Build.0 = Release|Win32
	EndGlobalSection
	GlobalSection(SolutionProperties) = preSolution
		HideSolutionNode = FALSE
	EndGlobalSection
	GlobalSection(ExtensibilityGlobals) = postSolution
		SolutionGuid = {D3BBFDCC-AA5A-419A-A125-A1B5E12D81FC}
	EndGlobalSection
EndGlobal
